
Microsoft Visual Studio Solution File, Format Version 12.00
# Visual Studio Version 16
VisualStudioVersion = 16.0.29503.13
MinimumVisualStudioVersion = 10.0.40219.1
Project("{FAE04EC0-301F-11D3-BF4B-00C04F79EFBC}") = "FuncionariosAPIService", "FuncionariosAPIService.csproj", "{691D2DE9-5DB8-4B03-9B0D-82E7A1988E78}"
EndProject
Global
	GlobalSection(SolutionConfigurationPlatforms) = preSolution
		Debug|Any CPU = Debug|Any CPU
		Release|Any CPU = Release|Any CPU
	EndGlobalSection
	GlobalSection(ProjectConfigurationPlatforms) = postSolution
		{691D2DE9-5DB8-4B03-9B0D-82E7A1988E78}.Debug|Any CPU.ActiveCfg = Debug|Any CPU
		{691D2DE9-5DB8-4B03-9B0D-82E7A1988E78}.Debug|Any CPU.Build.0 = Debug|Any CPU
		{691D2DE9-5DB8-4B03-9B0D-82E7A1988E78}.Release|Any CPU.ActiveCfg = Release|Any CPU
		{691D2DE9-5DB8-4B03-9B0D-82E7A1988E78}.Release|Any CPU.Build.0 = Release|Any CPU
	EndGlobalSection
	GlobalSection(SolutionProperties) = preSolution
		HideSolutionNode = FALSE
	EndGlobalSection
	GlobalSection(ExtensibilityGlobals) = postSolution
		SolutionGuid = {ED662E09-BCCF-41AE-A24B-8F2864C840C7}
	EndGlobalSection
EndGlobal
